
Microsoft Visual Studio Solution File, Format Version 12.00
# Visual Studio Version 16
VisualStudioVersion = 16.0.29215.179
MinimumVisualStudioVersion = 10.0.40219.1
Project("{2150E333-8FDC-42A3-9474-1A3956D46DE8}") = "src", "src", "{8A5DAF8B-3780-4C19-90F3-217A6BE83FDA}"
EndProject
Project("{2150E333-8FDC-42A3-9474-1A3956D46DE8}") = "Service", "Service", "{58E6CFCC-E23B-4517-A767-FC93130F5810}"
EndProject
Project("{2150E333-8FDC-42A3-9474-1A3956D46DE8}") = "Utilities", "Utilities", "{A45ECC8E-FC2A-4E6C-8161-8CD7BBF668BF}"
EndProject
Project("{2150E333-8FDC-42A3-9474-1A3956D46DE8}") = "Web", "Web", "{C4875CD5-8420-4449-9217-83B75EB69E7C}"
EndProject
Project("{FAE04EC0-301F-11D3-BF4B-00C04F79EFBC}") = "Lincoln.Application.Web", "Lincoln.Application.Web\Lincoln.Application.Web.csproj", "{81B4F59A-760A-467E-B3CA-5C9C4E336DEA}"
EndProject
Project("{FAE04EC0-301F-11D3-BF4B-00C04F79EFBC}") = "Lincoln.Admin.Web", "Lincoln.Admin.Web\Lincoln.Admin.Web.csproj", "{447D64B2-A259-4EBC-AE13-A5C8CB06AF51}"
EndProject
Project("{FAE04EC0-301F-11D3-BF4B-00C04F79EFBC}") = "Lincoln.OnlineExam", "Lincoln.OnlineExam\Lincoln.OnlineExam.csproj", "{02936113-4598-4D00-A7EC-C266ECE846A8}"
EndProject
Global
	GlobalSection(SolutionConfigurationPlatforms) = preSolution
		Debug|Any CPU = Debug|Any CPU
		Release|Any CPU = Release|Any CPU
	EndGlobalSection
	GlobalSection(ProjectConfigurationPlatforms) = postSolution
		{81B4F59A-760A-467E-B3CA-5C9C4E336DEA}.Debug|Any CPU.ActiveCfg = Debug|Any CPU
		{81B4F59A-760A-467E-B3CA-5C9C4E336DEA}.Debug|Any CPU.Build.0 = Debug|Any CPU
		{81B4F59A-760A-467E-B3CA-5C9C4E336DEA}.Release|Any CPU.ActiveCfg = Release|Any CPU
		{81B4F59A-760A-467E-B3CA-5C9C4E336DEA}.Release|Any CPU.Build.0 = Release|Any CPU
		{447D64B2-A259-4EBC-AE13-A5C8CB06AF51}.Debug|Any CPU.ActiveCfg = Debug|Any CPU
		{447D64B2-A259-4EBC-AE13-A5C8CB06AF51}.Debug|Any CPU.Build.0 = Debug|Any CPU
		{447D64B2-A259-4EBC-AE13-A5C8CB06AF51}.Release|Any CPU.ActiveCfg = Release|Any CPU
		{447D64B2-A259-4EBC-AE13-A5C8CB06AF51}.Release|Any CPU.Build.0 = Release|Any CPU
		{02936113-4598-4D00-A7EC-C266ECE846A8}.Debug|Any CPU.ActiveCfg = Debug|Any CPU
		{02936113-4598-4D00-A7EC-C266ECE846A8}.Debug|Any CPU.Build.0 = Debug|Any CPU
		{02936113-4598-4D00-A7EC-C266ECE846A8}.Release|Any CPU.ActiveCfg = Release|Any CPU
		{02936113-4598-4D00-A7EC-C266ECE846A8}.Release|Any CPU.Build.0 = Release|Any CPU
	EndGlobalSection
	GlobalSection(SolutionProperties) = preSolution
		HideSolutionNode = FALSE
	EndGlobalSection
	GlobalSection(NestedProjects) = preSolution
		{58E6CFCC-E23B-4517-A767-FC93130F5810} = {8A5DAF8B-3780-4C19-90F3-217A6BE83FDA}
		{A45ECC8E-FC2A-4E6C-8161-8CD7BBF668BF} = {8A5DAF8B-3780-4C19-90F3-217A6BE83FDA}
		{C4875CD5-8420-4449-9217-83B75EB69E7C} = {8A5DAF8B-3780-4C19-90F3-217A6BE83FDA}
		{81B4F59A-760A-467E-B3CA-5C9C4E336DEA} = {C4875CD5-8420-4449-9217-83B75EB69E7C}
		{447D64B2-A259-4EBC-AE13-A5C8CB06AF51} = {C4875CD5-8420-4449-9217-83B75EB69E7C}
		{02936113-4598-4D00-A7EC-C266ECE846A8} = {58E6CFCC-E23B-4517-A767-FC93130F5810}
	EndGlobalSection
	GlobalSection(ExtensibilityGlobals) = postSolution
		SolutionGuid = {C01106C5-0362-480A-BA1B-8BBA1B0EB5C8}
	EndGlobalSection
EndGlobal
